
Microsoft Visual Studio Solution File, Format Version 12.00
# Visual Studio Version 16
VisualStudioVersion = 16.0.29926.136
MinimumVisualStudioVersion = 10.0.40219.1
Project("{9A19103F-16F7-4668-BE54-9A1E7A4F7556}") = "SP.Web", "SP.Web\SP.Web.csproj", "{D6C23F30-1B81-4512-A4A3-51A9D8C328A5}"
EndProject
Project("{9A19103F-16F7-4668-BE54-9A1E7A4F7556}") = "SP.Core", "SP.Core\SP.Core.csproj", "{8E31BFE8-5D35-425A-A516-6A5F998AB365}"
EndProject
Project("{9A19103F-16F7-4668-BE54-9A1E7A4F7556}") = "SP.Data", "SP.Data\SP.Data.csproj", "{F5C44A1E-05D9-47FF-A4FC-462CF53AC4C6}"
EndProject
Project("{9A19103F-16F7-4668-BE54-9A1E7A4F7556}") = "SP.Service", "SP.Service\SP.Service.csproj", "{00047815-C2F1-429A-A1E5-83049DC9A1C2}"
EndProject
Project("{00D1A9C2-B5F0-4AF3-8072-F6C62B433612}") = "SP.Database", "SP.Database\SP.Database.sqlproj", "{D5B33BD8-EFE2-489F-8C70-3BD74E3C3EBD}"
EndProject
Project("{2150E333-8FDC-42A3-9474-1A3956D46DE8}") = "PostgreSQL", "PostgreSQL", "{7B6FD084-E564-4529-85A5-0F6C7C3C9D51}"
EndProject
Project("{2150E333-8FDC-42A3-9474-1A3956D46DE8}") = "Stored Procedures", "Stored Procedures", "{F389BFB5-E76A-4329-AB09-E6DE5EF2E345}"
	ProjectSection(SolutionItems) = preProject
		PostgreSQL\Stored Procedures\AutoLinkInventoryWithNomenclature.sql = PostgreSQL\Stored Procedures\AutoLinkInventoryWithNomenclature.sql
		PostgreSQL\Stored Procedures\BlockInventoryList.sql = PostgreSQL\Stored Procedures\BlockInventoryList.sql
		PostgreSQL\Stored Procedures\CalcBalanceList.sql = PostgreSQL\Stored Procedures\CalcBalanceList.sql
		PostgreSQL\Stored Procedures\CalculateBalance.sql = PostgreSQL\Stored Procedures\CalculateBalance.sql
		PostgreSQL\Stored Procedures\LinkInventoryListWithNomenclature.sql = PostgreSQL\Stored Procedures\LinkInventoryListWithNomenclature.sql
		PostgreSQL\Stored Procedures\MakeFixedOrder.sql = PostgreSQL\Stored Procedures\MakeFixedOrder.sql
		PostgreSQL\Stored Procedures\MakeOrder.sql = PostgreSQL\Stored Procedures\MakeOrder.sql
		PostgreSQL\Stored Procedures\MergeStageToInventory.sql = PostgreSQL\Stored Procedures\MergeStageToInventory.sql
	EndProjectSection
EndProject
Project("{2150E333-8FDC-42A3-9474-1A3956D46DE8}") = "Functions", "Functions", "{5A8933EA-EAF1-4100-9E1D-CCF37234E0BA}"
	ProjectSection(SolutionItems) = preProject
		PostgreSQL\Functions\CalcHistoryFunction.sql = PostgreSQL\Functions\CalcHistoryFunction.sql
		PostgreSQL\Functions\QueryDemandList.sql = PostgreSQL\Functions\QueryDemandList.sql
	EndProjectSection
EndProject
Project("{2150E333-8FDC-42A3-9474-1A3956D46DE8}") = "Triggers", "Triggers", "{39325335-9D8F-4C97-8467-B35DE57C0E64}"
	ProjectSection(SolutionItems) = preProject
		PostgreSQL\Triggers\CalcHistoryInsertTrigger.sql = PostgreSQL\Triggers\CalcHistoryInsertTrigger.sql
		PostgreSQL\Triggers\CalcHistoryUpdateTrigger.sql = PostgreSQL\Triggers\CalcHistoryUpdateTrigger.sql
	EndProjectSection
EndProject
Project("{2150E333-8FDC-42A3-9474-1A3956D46DE8}") = "Scripts", "Scripts", "{53D7A518-F18E-440C-80E1-BF2101762AF1}"
	ProjectSection(SolutionItems) = preProject
		PostgreSQL\Scripts\GasStation list.sql = PostgreSQL\Scripts\GasStation list.sql
	EndProjectSection
EndProject
Global
	GlobalSection(SolutionConfigurationPlatforms) = preSolution
		Debug|Any CPU = Debug|Any CPU
		Release|Any CPU = Release|Any CPU
	EndGlobalSection
	GlobalSection(ProjectConfigurationPlatforms) = postSolution
		{D6C23F30-1B81-4512-A4A3-51A9D8C328A5}.Debug|Any CPU.ActiveCfg = Debug|Any CPU
		{D6C23F30-1B81-4512-A4A3-51A9D8C328A5}.Debug|Any CPU.Build.0 = Debug|Any CPU
		{D6C23F30-1B81-4512-A4A3-51A9D8C328A5}.Release|Any CPU.ActiveCfg = Release|Any CPU
		{D6C23F30-1B81-4512-A4A3-51A9D8C328A5}.Release|Any CPU.Build.0 = Release|Any CPU
		{8E31BFE8-5D35-425A-A516-6A5F998AB365}.Debug|Any CPU.ActiveCfg = Debug|Any CPU
		{8E31BFE8-5D35-425A-A516-6A5F998AB365}.Debug|Any CPU.Build.0 = Debug|Any CPU
		{8E31BFE8-5D35-425A-A516-6A5F998AB365}.Release|Any CPU.ActiveCfg = Release|Any CPU
		{8E31BFE8-5D35-425A-A516-6A5F998AB365}.Release|Any CPU.Build.0 = Release|Any CPU
		{F5C44A1E-05D9-47FF-A4FC-462CF53AC4C6}.Debug|Any CPU.ActiveCfg = Debug|Any CPU
		{F5C44A1E-05D9-47FF-A4FC-462CF53AC4C6}.Debug|Any CPU.Build.0 = Debug|Any CPU
		{F5C44A1E-05D9-47FF-A4FC-462CF53AC4C6}.Release|Any CPU.ActiveCfg = Release|Any CPU
		{F5C44A1E-05D9-47FF-A4FC-462CF53AC4C6}.Release|Any CPU.Build.0 = Release|Any CPU
		{00047815-C2F1-429A-A1E5-83049DC9A1C2}.Debug|Any CPU.ActiveCfg = Debug|Any CPU
		{00047815-C2F1-429A-A1E5-83049DC9A1C2}.Debug|Any CPU.Build.0 = Debug|Any CPU
		{00047815-C2F1-429A-A1E5-83049DC9A1C2}.Release|Any CPU.ActiveCfg = Release|Any CPU
		{00047815-C2F1-429A-A1E5-83049DC9A1C2}.Release|Any CPU.Build.0 = Release|Any CPU
		{D5B33BD8-EFE2-489F-8C70-3BD74E3C3EBD}.Debug|Any CPU.ActiveCfg = Debug|Any CPU
		{D5B33BD8-EFE2-489F-8C70-3BD74E3C3EBD}.Debug|Any CPU.Deploy.0 = Debug|Any CPU
		{D5B33BD8-EFE2-489F-8C70-3BD74E3C3EBD}.Release|Any CPU.ActiveCfg = Release|Any CPU
		{D5B33BD8-EFE2-489F-8C70-3BD74E3C3EBD}.Release|Any CPU.Build.0 = Release|Any CPU
		{D5B33BD8-EFE2-489F-8C70-3BD74E3C3EBD}.Release|Any CPU.Deploy.0 = Release|Any CPU
	EndGlobalSection
	GlobalSection(SolutionProperties) = preSolution
		HideSolutionNode = FALSE
	EndGlobalSection
	GlobalSection(NestedProjects) = preSolution
		{F389BFB5-E76A-4329-AB09-E6DE5EF2E345} = {7B6FD084-E564-4529-85A5-0F6C7C3C9D51}
		{5A8933EA-EAF1-4100-9E1D-CCF37234E0BA} = {7B6FD084-E564-4529-85A5-0F6C7C3C9D51}
		{39325335-9D8F-4C97-8467-B35DE57C0E64} = {7B6FD084-E564-4529-85A5-0F6C7C3C9D51}
		{53D7A518-F18E-440C-80E1-BF2101762AF1} = {7B6FD084-E564-4529-85A5-0F6C7C3C9D51}
	EndGlobalSection
	GlobalSection(ExtensibilityGlobals) = postSolution
		SolutionGuid = {BD8B3039-F609-493C-A149-04BCE885BAFF}
	EndGlobalSection
EndGlobal
